
Microsoft Visual Studio Solution File, Format Version 12.00
# Visual Studio Version 16
VisualStudioVersion = 16.0.29613.14
MinimumVisualStudioVersion = 10.0.40219.1
Project("{FAE04EC0-301F-11D3-BF4B-00C04F79EFBC}") = "PrivateSchoolPartB_Vlachogiannis", "PrivateSchoolPartB_Vlachogiannis\PrivateSchoolPartB_Vlachogiannis.csproj", "{507E58CF-6842-428B-B34F-42CCAFD277BA}"
EndProject
Project("{FAE04EC0-301F-11D3-BF4B-00C04F79EFBC}") = "Entities", "Entities\Entities.csproj", "{B46B6A56-AC6C-455F-8D6D-3FFE53D1F6DE}"
EndProject
Global
	GlobalSection(SolutionConfigurationPlatforms) = preSolution
		Debug|Any CPU = Debug|Any CPU
		Release|Any CPU = Release|Any CPU
	EndGlobalSection
	GlobalSection(ProjectConfigurationPlatforms) = postSolution
		{507E58CF-6842-428B-B34F-42CCAFD277BA}.Debug|Any CPU.ActiveCfg = Debug|Any CPU
		{507E58CF-6842-428B-B34F-42CCAFD277BA}.Debug|Any CPU.Build.0 = Debug|Any CPU
		{507E58CF-6842-428B-B34F-42CCAFD277BA}.Release|Any CPU.ActiveCfg = Release|Any CPU
		{507E58CF-6842-428B-B34F-42CCAFD277BA}.Release|Any CPU.Build.0 = Release|Any CPU
		{B46B6A56-AC6C-455F-8D6D-3FFE53D1F6DE}.Debug|Any CPU.ActiveCfg = Debug|Any CPU
		{B46B6A56-AC6C-455F-8D6D-3FFE53D1F6DE}.Debug|Any CPU.Build.0 = Debug|Any CPU
		{B46B6A56-AC6C-455F-8D6D-3FFE53D1F6DE}.Release|Any CPU.ActiveCfg = Release|Any CPU
		{B46B6A56-AC6C-455F-8D6D-3FFE53D1F6DE}.Release|Any CPU.Build.0 = Release|Any CPU
	EndGlobalSection
	GlobalSection(SolutionProperties) = preSolution
		HideSolutionNode = FALSE
	EndGlobalSection
	GlobalSection(ExtensibilityGlobals) = postSolution
		SolutionGuid = {DB9CFD00-1E85-4213-AA01-B02C727E897E}
	EndGlobalSection
EndGlobal
